
Microsoft Visual Studio Solution File, Format Version 12.00
# Visual Studio Version 17
VisualStudioVersion = 17.2.32630.192
MinimumVisualStudioVersion = 10.0.40219.1
Project("{FAE04EC0-301F-11D3-BF4B-00C04F79EFBC}") = "Snake", "Snake\Snake.csproj", "{28D69D54-EEB8-41A2-9D66-E6D3D051F12A}"
EndProject
Global
	GlobalSection(SolutionConfigurationPlatforms) = preSolution
		Debug|Any CPU = Debug|Any CPU
		Release|Any CPU = Release|Any CPU
	EndGlobalSection
	GlobalSection(ProjectConfigurationPlatforms) = postSolution
		{28D69D54-EEB8-41A2-9D66-E6D3D051F12A}.Debug|Any CPU.ActiveCfg = Debug|Any CPU
		{28D69D54-EEB8-41A2-9D66-E6D3D051F12A}.Debug|Any CPU.Build.0 = Debug|Any CPU
		{28D69D54-EEB8-41A2-9D66-E6D3D051F12A}.Release|Any CPU.ActiveCfg = Release|Any CPU
		{28D69D54-EEB8-41A2-9D66-E6D3D051F12A}.Release|Any CPU.Build.0 = Release|Any CPU
	EndGlobalSection
	GlobalSection(SolutionProperties) = preSolution
		HideSolutionNode = FALSE
	EndGlobalSection
	GlobalSection(ExtensibilityGlobals) = postSolution
		SolutionGuid = {F938D40C-9FAC-483B-8949-297B9475D9F5}
	EndGlobalSection
EndGlobal
